
Microsoft Visual Studio Solution File, Format Version 12.00
# Visual Studio Version 16
VisualStudioVersion = 16.0.31313.79
MinimumVisualStudioVersion = 10.0.40219.1
Project("{9A19103F-16F7-4668-BE54-9A1E7A4F7556}") = "Daytona", "Daytona\Daytona.csproj", "{DA3B70CB-C74D-4633-A8AC-042F1856D7CB}"
EndProject
Project("{9A19103F-16F7-4668-BE54-9A1E7A4F7556}") = "Daytona.Test", "Daytona.Test\Daytona.Test.csproj", "{20B1BDED-52B5-43AC-97C1-6B8D6F7972FD}"
EndProject
Global
	GlobalSection(SolutionConfigurationPlatforms) = preSolution
		Debug|Any CPU = Debug|Any CPU
		Release|Any CPU = Release|Any CPU
	EndGlobalSection
	GlobalSection(ProjectConfigurationPlatforms) = postSolution
		{DA3B70CB-C74D-4633-A8AC-042F1856D7CB}.Debug|Any CPU.ActiveCfg = Debug|Any CPU
		{DA3B70CB-C74D-4633-A8AC-042F1856D7CB}.Debug|Any CPU.Build.0 = Debug|Any CPU
		{DA3B70CB-C74D-4633-A8AC-042F1856D7CB}.Release|Any CPU.ActiveCfg = Release|Any CPU
		{DA3B70CB-C74D-4633-A8AC-042F1856D7CB}.Release|Any CPU.Build.0 = Release|Any CPU
		{20B1BDED-52B5-43AC-97C1-6B8D6F7972FD}.Debug|Any CPU.ActiveCfg = Debug|Any CPU
		{20B1BDED-52B5-43AC-97C1-6B8D6F7972FD}.Debug|Any CPU.Build.0 = Debug|Any CPU
		{20B1BDED-52B5-43AC-97C1-6B8D6F7972FD}.Release|Any CPU.ActiveCfg = Release|Any CPU
		{20B1BDED-52B5-43AC-97C1-6B8D6F7972FD}.Release|Any CPU.Build.0 = Release|Any CPU
	EndGlobalSection
	GlobalSection(SolutionProperties) = preSolution
		HideSolutionNode = FALSE
	EndGlobalSection
	GlobalSection(ExtensibilityGlobals) = postSolution
		SolutionGuid = {BC8BE088-2505-427D-9282-7AEDFB056733}
	EndGlobalSection
EndGlobal
